// !$*UTF8*$!
{
	archiveVersion = 1;
	classes = {
	};
	objectVersion = 56;
	objects = {

/* Begin PBXBuildFile section */
		63062D8D2BA97A5200E22F75 /* DetailVacancyView.swift in Sources */ = {isa = PBXBuildFile; fileRef = 63062D8C2BA97A5200E22F75 /* DetailVacancyView.swift */; };
		63062D8F2BA9A57900E22F75 /* MenuCoordinator.swift in Sources */ = {isa = PBXBuildFile; fileRef = 63062D8E2BA9A57900E22F75 /* MenuCoordinator.swift */; };
		63062D912BA9A62400E22F75 /* CustomSearchBar.swift in Sources */ = {isa = PBXBuildFile; fileRef = 63062D902BA9A62400E22F75 /* CustomSearchBar.swift */; };
		63062D932BA9B2CC00E22F75 /* FastFilterForm.swift in Sources */ = {isa = PBXBuildFile; fileRef = 63062D922BA9B2CC00E22F75 /* FastFilterForm.swift */; };
		63062D952BAA059400E22F75 /* ViewsCounter.swift in Sources */ = {isa = PBXBuildFile; fileRef = 63062D942BAA059400E22F75 /* ViewsCounter.swift */; };
		63062D972BAA1B6A00E22F75 /* MapView.swift in Sources */ = {isa = PBXBuildFile; fileRef = 63062D962BAA1B6A00E22F75 /* MapView.swift */; };
		633405032BAA225C007CFE56 /* VacationMainInfoView.swift in Sources */ = {isa = PBXBuildFile; fileRef = 633405022BAA225C007CFE56 /* VacationMainInfoView.swift */; };
		63941FB72BA82AE0001F78E0 /* CoordinatorView.swift in Sources */ = {isa = PBXBuildFile; fileRef = 63941FB62BA82AE0001F78E0 /* CoordinatorView.swift */; };
		63941FB92BA83015001F78E0 /* CustomTabBar.swift in Sources */ = {isa = PBXBuildFile; fileRef = 63941FB82BA83015001F78E0 /* CustomTabBar.swift */; };
		63941FBC2BA83216001F78E0 /* CustomTabBarIcon.swift in Sources */ = {isa = PBXBuildFile; fileRef = 63941FBB2BA83216001F78E0 /* CustomTabBarIcon.swift */; };
		63941FBF2BA83DCC001F78E0 /* Extentions.swift in Sources */ = {isa = PBXBuildFile; fileRef = 63941FBE2BA83DCC001F78E0 /* Extentions.swift */; };
		63941FC12BA851FB001F78E0 /* UserManager.swift in Sources */ = {isa = PBXBuildFile; fileRef = 63941FC02BA851FB001F78E0 /* UserManager.swift */; };
		63941FC32BA8593E001F78E0 /* CustomTextField.swift in Sources */ = {isa = PBXBuildFile; fileRef = 63941FC22BA8593E001F78E0 /* CustomTextField.swift */; };
		63DA0B1F2BA5C6F000CFBCB6 /* EffectiveMobileTestApp.swift in Sources */ = {isa = PBXBuildFile; fileRef = 63DA0B1E2BA5C6F000CFBCB6 /* EffectiveMobileTestApp.swift */; };
		63DA0B232BA5C6F200CFBCB6 /* Assets.xcassets in Resources */ = {isa = PBXBuildFile; fileRef = 63DA0B222BA5C6F200CFBCB6 /* Assets.xcassets */; };
		63DA0B262BA5C6F200CFBCB6 /* Preview Assets.xcassets in Resources */ = {isa = PBXBuildFile; fileRef = 63DA0B252BA5C6F200CFBCB6 /* Preview Assets.xcassets */; };
		63DA0B352BA5D03800CFBCB6 /* MenuMainScreen.swift in Sources */ = {isa = PBXBuildFile; fileRef = 63DA0B342BA5D03800CFBCB6 /* MenuMainScreen.swift */; };
		63DA0B372BA5D04B00CFBCB6 /* MenuModel.swift in Sources */ = {isa = PBXBuildFile; fileRef = 63DA0B362BA5D04B00CFBCB6 /* MenuModel.swift */; };
		63DA0B392BA5D05900CFBCB6 /* MenuViewModel.swift in Sources */ = {isa = PBXBuildFile; fileRef = 63DA0B382BA5D05900CFBCB6 /* MenuViewModel.swift */; };
		63DA0B3B2BA5D0A900CFBCB6 /* FavouriteMainScreen.swift in Sources */ = {isa = PBXBuildFile; fileRef = 63DA0B3A2BA5D0A900CFBCB6 /* FavouriteMainScreen.swift */; };
		63DA0B3D2BA5D0C500CFBCB6 /* ResponsesMainScreen.swift in Sources */ = {isa = PBXBuildFile; fileRef = 63DA0B3C2BA5D0C500CFBCB6 /* ResponsesMainScreen.swift */; };
		63DA0B3F2BA5D0DB00CFBCB6 /* MessagesMainScreen.swift in Sources */ = {isa = PBXBuildFile; fileRef = 63DA0B3E2BA5D0DB00CFBCB6 /* MessagesMainScreen.swift */; };
		63DA0B412BA5D0E900CFBCB6 /* ProfileMainScreen.swift in Sources */ = {isa = PBXBuildFile; fileRef = 63DA0B402BA5D0E900CFBCB6 /* ProfileMainScreen.swift */; };
		63DA0B432BA5D16200CFBCB6 /* AuthFirstScreen.swift in Sources */ = {isa = PBXBuildFile; fileRef = 63DA0B422BA5D16200CFBCB6 /* AuthFirstScreen.swift */; };
		63DA0B452BA5D1CC00CFBCB6 /* AuthSecondScreen.swift in Sources */ = {isa = PBXBuildFile; fileRef = 63DA0B442BA5D1CC00CFBCB6 /* AuthSecondScreen.swift */; };
		63DA0B472BA5D1DE00CFBCB6 /* AuthViewModel.swift in Sources */ = {isa = PBXBuildFile; fileRef = 63DA0B462BA5D1DE00CFBCB6 /* AuthViewModel.swift */; };
		63DA0B492BA5D1E800CFBCB6 /* AuthModel.swift in Sources */ = {isa = PBXBuildFile; fileRef = 63DA0B482BA5D1E800CFBCB6 /* AuthModel.swift */; };
/* End PBXBuildFile section */

/* Begin PBXFileReference section */
		63062D8C2BA97A5200E22F75 /* DetailVacancyView.swift */ = {isa = PBXFileReference; lastKnownFileType = sourcecode.swift; path = DetailVacancyView.swift; sourceTree = "<group>"; };
		63062D8E2BA9A57900E22F75 /* MenuCoordinator.swift */ = {isa = PBXFileReference; lastKnownFileType = sourcecode.swift; path = MenuCoordinator.swift; sourceTree = "<group>"; };
		63062D902BA9A62400E22F75 /* CustomSearchBar.swift */ = {isa = PBXFileReference; lastKnownFileType = sourcecode.swift; path = CustomSearchBar.swift; sourceTree = "<group>"; };
		63062D922BA9B2CC00E22F75 /* FastFilterForm.swift */ = {isa = PBXFileReference; lastKnownFileType = sourcecode.swift; path = FastFilterForm.swift; sourceTree = "<group>"; };
		63062D942BAA059400E22F75 /* ViewsCounter.swift */ = {isa = PBXFileReference; lastKnownFileType = sourcecode.swift; path = ViewsCounter.swift; sourceTree = "<group>"; };
		63062D962BAA1B6A00E22F75 /* MapView.swift */ = {isa = PBXFileReference; lastKnownFileType = sourcecode.swift; path = MapView.swift; sourceTree = "<group>"; };
		633405022BAA225C007CFE56 /* VacationMainInfoView.swift */ = {isa = PBXFileReference; lastKnownFileType = sourcecode.swift; path = VacationMainInfoView.swift; sourceTree = "<group>"; };
		63941FB62BA82AE0001F78E0 /* CoordinatorView.swift */ = {isa = PBXFileReference; lastKnownFileType = sourcecode.swift; path = CoordinatorView.swift; sourceTree = "<group>"; };
		63941FB82BA83015001F78E0 /* CustomTabBar.swift */ = {isa = PBXFileReference; lastKnownFileType = sourcecode.swift; path = CustomTabBar.swift; sourceTree = "<group>"; };
		63941FBB2BA83216001F78E0 /* CustomTabBarIcon.swift */ = {isa = PBXFileReference; lastKnownFileType = sourcecode.swift; path = CustomTabBarIcon.swift; sourceTree = "<group>"; };
		63941FBE2BA83DCC001F78E0 /* Extentions.swift */ = {isa = PBXFileReference; lastKnownFileType = sourcecode.swift; path = Extentions.swift; sourceTree = "<group>"; };
		63941FC02BA851FB001F78E0 /* UserManager.swift */ = {isa = PBXFileReference; lastKnownFileType = sourcecode.swift; path = UserManager.swift; sourceTree = "<group>"; };
		63941FC22BA8593E001F78E0 /* CustomTextField.swift */ = {isa = PBXFileReference; lastKnownFileType = sourcecode.swift; path = CustomTextField.swift; sourceTree = "<group>"; };
		63DA0B1B2BA5C6F000CFBCB6 /* EffectiveMobileTest.app */ = {isa = PBXFileReference; explicitFileType = wrapper.application; includeInIndex = 0; path = EffectiveMobileTest.app; sourceTree = BUILT_PRODUCTS_DIR; };
		63DA0B1E2BA5C6F000CFBCB6 /* EffectiveMobileTestApp.swift */ = {isa = PBXFileReference; lastKnownFileType = sourcecode.swift; path = EffectiveMobileTestApp.swift; sourceTree = "<group>"; };
		63DA0B222BA5C6F200CFBCB6 /* Assets.xcassets */ = {isa = PBXFileReference; lastKnownFileType = folder.assetcatalog; path = Assets.xcassets; sourceTree = "<group>"; };
		63DA0B252BA5C6F200CFBCB6 /* Preview Assets.xcassets */ = {isa = PBXFileReference; lastKnownFileType = folder.assetcatalog; path = "Preview Assets.xcassets"; sourceTree = "<group>"; };
		63DA0B342BA5D03800CFBCB6 /* MenuMainScreen.swift */ = {isa = PBXFileReference; lastKnownFileType = sourcecode.swift; path = MenuMainScreen.swift; sourceTree = "<group>"; };
		63DA0B362BA5D04B00CFBCB6 /* MenuModel.swift */ = {isa = PBXFileReference; lastKnownFileType = sourcecode.swift; path = MenuModel.swift; sourceTree = "<group>"; };
		63DA0B382BA5D05900CFBCB6 /* MenuViewModel.swift */ = {isa = PBXFileReference; lastKnownFileType = sourcecode.swift; path = MenuViewModel.swift; sourceTree = "<group>"; };
		63DA0B3A2BA5D0A900CFBCB6 /* FavouriteMainScreen.swift */ = {isa = PBXFileReference; lastKnownFileType = sourcecode.swift; path = FavouriteMainScreen.swift; sourceTree = "<group>"; };
		63DA0B3C2BA5D0C500CFBCB6 /* ResponsesMainScreen.swift */ = {isa = PBXFileReference; lastKnownFileType = sourcecode.swift; path = ResponsesMainScreen.swift; sourceTree = "<group>"; };
		63DA0B3E2BA5D0DB00CFBCB6 /* MessagesMainScreen.swift */ = {isa = PBXFileReference; lastKnownFileType = sourcecode.swift; path = MessagesMainScreen.swift; sourceTree = "<group>"; };
		63DA0B402BA5D0E900CFBCB6 /* ProfileMainScreen.swift */ = {isa = PBXFileReference; lastKnownFileType = sourcecode.swift; path = ProfileMainScreen.swift; sourceTree = "<group>"; };
		63DA0B422BA5D16200CFBCB6 /* AuthFirstScreen.swift */ = {isa = PBXFileReference; lastKnownFileType = sourcecode.swift; path = AuthFirstScreen.swift; sourceTree = "<group>"; };
		63DA0B442BA5D1CC00CFBCB6 /* AuthSecondScreen.swift */ = {isa = PBXFileReference; lastKnownFileType = sourcecode.swift; path = AuthSecondScreen.swift; sourceTree = "<group>"; };
		63DA0B462BA5D1DE00CFBCB6 /* AuthViewModel.swift */ = {isa = PBXFileReference; lastKnownFileType = sourcecode.swift; path = AuthViewModel.swift; sourceTree = "<group>"; };
		63DA0B482BA5D1E800CFBCB6 /* AuthModel.swift */ = {isa = PBXFileReference; lastKnownFileType = sourcecode.swift; path = AuthModel.swift; sourceTree = "<group>"; };
/* End PBXFileReference section */

/* Begin PBXFrameworksBuildPhase section */
		63DA0B182BA5C6F000CFBCB6 /* Frameworks */ = {
			isa = PBXFrameworksBuildPhase;
			buildActionMask = 2147483647;
			files = (
			);
			runOnlyForDeploymentPostprocessing = 0;
		};
/* End PBXFrameworksBuildPhase section */

/* Begin PBXGroup section */
		63062D8B2BA979CE00E22F75 /* Views */ = {
			isa = PBXGroup;
			children = (
				63062D8C2BA97A5200E22F75 /* DetailVacancyView.swift */,
				633405022BAA225C007CFE56 /* VacationMainInfoView.swift */,
				63062D902BA9A62400E22F75 /* CustomSearchBar.swift */,
				63062D962BAA1B6A00E22F75 /* MapView.swift */,
				63062D922BA9B2CC00E22F75 /* FastFilterForm.swift */,
				63062D942BAA059400E22F75 /* ViewsCounter.swift */,
			);
			path = Views;
			sourceTree = "<group>";
		};
		63941FBA2BA831D6001F78E0 /* Coordinator */ = {
			isa = PBXGroup;
			children = (
				63941FB82BA83015001F78E0 /* CustomTabBar.swift */,
				63941FBB2BA83216001F78E0 /* CustomTabBarIcon.swift */,
			);
			path = Coordinator;
			sourceTree = "<group>";
		};
		63941FBD2BA83D53001F78E0 /* Helpers */ = {
			isa = PBXGroup;
			children = (
				63941FBE2BA83DCC001F78E0 /* Extentions.swift */,
				63941FC22BA8593E001F78E0 /* CustomTextField.swift */,
			);
			path = Helpers;
			sourceTree = "<group>";
		};
		63DA0B122BA5C6F000CFBCB6 = {
			isa = PBXGroup;
			children = (
				63DA0B1D2BA5C6F000CFBCB6 /* EffectiveMobileTest */,
				63DA0B1C2BA5C6F000CFBCB6 /* Products */,
			);
			sourceTree = "<group>";
		};
		63DA0B1C2BA5C6F000CFBCB6 /* Products */ = {
			isa = PBXGroup;
			children = (
				63DA0B1B2BA5C6F000CFBCB6 /* EffectiveMobileTest.app */,
			);
			name = Products;
			sourceTree = "<group>";
		};
		63DA0B1D2BA5C6F000CFBCB6 /* EffectiveMobileTest */ = {
			isa = PBXGroup;
			children = (
				63DA0B1E2BA5C6F000CFBCB6 /* EffectiveMobileTestApp.swift */,
				63941FC02BA851FB001F78E0 /* UserManager.swift */,
				63941FB62BA82AE0001F78E0 /* CoordinatorView.swift */,
				63941FBD2BA83D53001F78E0 /* Helpers */,
				63941FBA2BA831D6001F78E0 /* Coordinator */,
				63DA0B2E2BA5CF3C00CFBCB6 /* AuthModule */,
				63DA0B2F2BA5CF4600CFBCB6 /* MenuModule */,
				63DA0B302BA5CF5700CFBCB6 /* FavouriteModule */,
				63DA0B312BA5CF6100CFBCB6 /* ResponsesModule */,
				63DA0B322BA5CF9800CFBCB6 /* MessagesModule */,
				63DA0B332BA5CFA300CFBCB6 /* ProfileModule */,
				63DA0B222BA5C6F200CFBCB6 /* Assets.xcassets */,
				63DA0B242BA5C6F200CFBCB6 /* Preview Content */,
			);
			path = EffectiveMobileTest;
			sourceTree = "<group>";
		};
		63DA0B242BA5C6F200CFBCB6 /* Preview Content */ = {
			isa = PBXGroup;
			children = (
				63DA0B252BA5C6F200CFBCB6 /* Preview Assets.xcassets */,
			);
			path = "Preview Content";
			sourceTree = "<group>";
		};
		63DA0B2E2BA5CF3C00CFBCB6 /* AuthModule */ = {
			isa = PBXGroup;
			children = (
				63DA0B422BA5D16200CFBCB6 /* AuthFirstScreen.swift */,
				63DA0B442BA5D1CC00CFBCB6 /* AuthSecondScreen.swift */,
				63DA0B462BA5D1DE00CFBCB6 /* AuthViewModel.swift */,
				63DA0B482BA5D1E800CFBCB6 /* AuthModel.swift */,
			);
			path = AuthModule;
			sourceTree = "<group>";
		};
		63DA0B2F2BA5CF4600CFBCB6 /* MenuModule */ = {
			isa = PBXGroup;
			children = (
				63DA0B342BA5D03800CFBCB6 /* MenuMainScreen.swift */,
				63062D8E2BA9A57900E22F75 /* MenuCoordinator.swift */,
				63DA0B382BA5D05900CFBCB6 /* MenuViewModel.swift */,
				63DA0B362BA5D04B00CFBCB6 /* MenuModel.swift */,
				63062D8B2BA979CE00E22F75 /* Views */,
			);
			path = MenuModule;
			sourceTree = "<group>";
		};
		63DA0B302BA5CF5700CFBCB6 /* FavouriteModule */ = {
			isa = PBXGroup;
			children = (
				63DA0B3A2BA5D0A900CFBCB6 /* FavouriteMainScreen.swift */,
			);
			path = FavouriteModule;
			sourceTree = "<group>";
		};
		63DA0B312BA5CF6100CFBCB6 /* ResponsesModule */ = {
			isa = PBXGroup;
			children = (
				63DA0B3C2BA5D0C500CFBCB6 /* ResponsesMainScreen.swift */,
			);
			path = ResponsesModule;
			sourceTree = "<group>";
		};
		63DA0B322BA5CF9800CFBCB6 /* MessagesModule */ = {
			isa = PBXGroup;
			children = (
				63DA0B3E2BA5D0DB00CFBCB6 /* MessagesMainScreen.swift */,
			);
			path = MessagesModule;
			sourceTree = "<group>";
		};
		63DA0B332BA5CFA300CFBCB6 /* ProfileModule */ = {
			isa = PBXGroup;
			children = (
				63DA0B402BA5D0E900CFBCB6 /* ProfileMainScreen.swift */,
			);
			path = ProfileModule;
			sourceTree = "<group>";
		};
/* End PBXGroup section */

/* Begin PBXNativeTarget section */
		63DA0B1A2BA5C6F000CFBCB6 /* EffectiveMobileTest */ = {
			isa = PBXNativeTarget;
			buildConfigurationList = 63DA0B292BA5C6F200CFBCB6 /* Build configuration list for PBXNativeTarget "EffectiveMobileTest" */;
			buildPhases = (
				63DA0B172BA5C6F000CFBCB6 /* Sources */,
				63DA0B182BA5C6F000CFBCB6 /* Frameworks */,
				63DA0B192BA5C6F000CFBCB6 /* Resources */,
			);
			buildRules = (
			);
			dependencies = (
			);
			name = EffectiveMobileTest;
			productName = EffectiveMobileTest;
			productReference = 63DA0B1B2BA5C6F000CFBCB6 /* EffectiveMobileTest.app */;
			productType = "com.apple.product-type.application";
		};
/* End PBXNativeTarget section */

/* Begin PBXProject section */
		63DA0B132BA5C6F000CFBCB6 /* Project object */ = {
			isa = PBXProject;
			attributes = {
				BuildIndependentTargetsInParallel = 1;
				LastSwiftUpdateCheck = 1500;
				LastUpgradeCheck = 1500;
				TargetAttributes = {
					63DA0B1A2BA5C6F000CFBCB6 = {
						CreatedOnToolsVersion = 15.0.1;
					};
				};
			};
			buildConfigurationList = 63DA0B162BA5C6F000CFBCB6 /* Build configuration list for PBXProject "EffectiveMobileTest" */;
			compatibilityVersion = "Xcode 14.0";
			developmentRegion = en;
			hasScannedForEncodings = 0;
			knownRegions = (
				en,
				Base,
			);
			mainGroup = 63DA0B122BA5C6F000CFBCB6;
			productRefGroup = 63DA0B1C2BA5C6F000CFBCB6 /* Products */;
			projectDirPath = "";
			projectRoot = "";
			targets = (
				63DA0B1A2BA5C6F000CFBCB6 /* EffectiveMobileTest */,
			);
		};
/* End PBXProject section */

/* Begin PBXResourcesBuildPhase section */
		63DA0B192BA5C6F000CFBCB6 /* Resources */ = {
			isa = PBXResourcesBuildPhase;
			buildActionMask = 2147483647;
			files = (
				63DA0B262BA5C6F200CFBCB6 /* Preview Assets.xcassets in Resources */,
				63DA0B232BA5C6F200CFBCB6 /* Assets.xcassets in Resources */,
			);
			runOnlyForDeploymentPostprocessing = 0;
		};
/* End PBXResourcesBuildPhase section */

/* Begin PBXSourcesBuildPhase section */
		63DA0B172BA5C6F000CFBCB6 /* Sources */ = {
			isa = PBXSourcesBuildPhase;
			buildActionMask = 2147483647;
			files = (
				63062D932BA9B2CC00E22F75 /* FastFilterForm.swift in Sources */,
				63941FC12BA851FB001F78E0 /* UserManager.swift in Sources */,
				633405032BAA225C007CFE56 /* VacationMainInfoView.swift in Sources */,
				63062D8D2BA97A5200E22F75 /* DetailVacancyView.swift in Sources */,
				63062D952BAA059400E22F75 /* ViewsCounter.swift in Sources */,
				63DA0B412BA5D0E900CFBCB6 /* ProfileMainScreen.swift in Sources */,
				63941FB72BA82AE0001F78E0 /* CoordinatorView.swift in Sources */,
				63941FB92BA83015001F78E0 /* CustomTabBar.swift in Sources */,
				63941FC32BA8593E001F78E0 /* CustomTextField.swift in Sources */,
				63DA0B3B2BA5D0A900CFBCB6 /* FavouriteMainScreen.swift in Sources */,
				63DA0B452BA5D1CC00CFBCB6 /* AuthSecondScreen.swift in Sources */,
				63DA0B352BA5D03800CFBCB6 /* MenuMainScreen.swift in Sources */,
				63DA0B3F2BA5D0DB00CFBCB6 /* MessagesMainScreen.swift in Sources */,
				63941FBF2BA83DCC001F78E0 /* Extentions.swift in Sources */,
				63DA0B432BA5D16200CFBCB6 /* AuthFirstScreen.swift in Sources */,
				63DA0B3D2BA5D0C500CFBCB6 /* ResponsesMainScreen.swift in Sources */,
				63DA0B372BA5D04B00CFBCB6 /* MenuModel.swift in Sources */,
				63DA0B492BA5D1E800CFBCB6 /* AuthModel.swift in Sources */,
				63DA0B392BA5D05900CFBCB6 /* MenuViewModel.swift in Sources */,
				63DA0B472BA5D1DE00CFBCB6 /* AuthViewModel.swift in Sources */,
				63062D972BAA1B6A00E22F75 /* MapView.swift in Sources */,
				63DA0B1F2BA5C6F000CFBCB6 /* EffectiveMobileTestApp.swift in Sources */,
				63062D8F2BA9A57900E22F75 /* MenuCoordinator.swift in Sources */,
				63062D912BA9A62400E22F75 /* CustomSearchBar.swift in Sources */,
				63941FBC2BA83216001F78E0 /* CustomTabBarIcon.swift in Sources */,
			);
			runOnlyForDeploymentPostprocessing = 0;
		};
/* End PBXSourcesBuildPhase section */

/* Begin XCBuildConfiguration section */
		63DA0B272BA5C6F200CFBCB6 /* Debug */ = {
			isa = XCBuildConfiguration;
			buildSettings = {
				ALWAYS_SEARCH_USER_PATHS = NO;
				ASSETCATALOG_COMPILER_GENERATE_SWIFT_ASSET_SYMBOL_EXTENSIONS = YES;
				CLANG_ANALYZER_NONNULL = YES;
				CLANG_ANALYZER_NUMBER_OBJECT_CONVERSION = YES_AGGRESSIVE;
				CLANG_CXX_LANGUAGE_STANDARD = "gnu++20";
				CLANG_ENABLE_MODULES = YES;
				CLANG_ENABLE_OBJC_ARC = YES;
				CLANG_ENABLE_OBJC_WEAK = YES;
				CLANG_WARN_BLOCK_CAPTURE_AUTORELEASING = YES;
				CLANG_WARN_BOOL_CONVERSION = YES;
				CLANG_WARN_COMMA = YES;
				CLANG_WARN_CONSTANT_CONVERSION = YES;
				CLANG_WARN_DEPRECATED_OBJC_IMPLEMENTATIONS = YES;
				CLANG_WARN_DIRECT_OBJC_ISA_USAGE = YES_ERROR;
				CLANG_WARN_DOCUMENTATION_COMMENTS = YES;
				CLANG_WARN_EMPTY_BODY = YES;
				CLANG_WARN_ENUM_CONVERSION = YES;
				CLANG_WARN_INFINITE_RECURSION = YES;
				CLANG_WARN_INT_CONVERSION = YES;
				CLANG_WARN_NON_LITERAL_NULL_CONVERSION = YES;
				CLANG_WARN_OBJC_IMPLICIT_RETAIN_SELF = YES;
				CLANG_WARN_OBJC_LITERAL_CONVERSION = YES;
				CLANG_WARN_OBJC_ROOT_CLASS = YES_ERROR;
				CLANG_WARN_QUOTED_INCLUDE_IN_FRAMEWORK_HEADER = YES;
				CLANG_WARN_RANGE_LOOP_ANALYSIS = YES;
				CLANG_WARN_STRICT_PROTOTYPES = YES;
				CLANG_WARN_SUSPICIOUS_MOVE = YES;
				CLANG_WARN_UNGUARDED_AVAILABILITY = YES_AGGRESSIVE;
				CLANG_WARN_UNREACHABLE_CODE = YES;
				CLANG_WARN__DUPLICATE_METHOD_MATCH = YES;
				COPY_PHASE_STRIP = NO;
				DEBUG_INFORMATION_FORMAT = dwarf;
				ENABLE_STRICT_OBJC_MSGSEND = YES;
				ENABLE_TESTABILITY = YES;
				ENABLE_USER_SCRIPT_SANDBOXING = YES;
				GCC_C_LANGUAGE_STANDARD = gnu17;
				GCC_DYNAMIC_NO_PIC = NO;
				GCC_NO_COMMON_BLOCKS = YES;
				GCC_OPTIMIZATION_LEVEL = 0;
				GCC_PREPROCESSOR_DEFINITIONS = (
					"DEBUG=1",
					"$(inherited)",
				);
				GCC_WARN_64_TO_32_BIT_CONVERSION = YES;
				GCC_WARN_ABOUT_RETURN_TYPE = YES_ERROR;
				GCC_WARN_UNDECLARED_SELECTOR = YES;
				GCC_WARN_UNINITIALIZED_AUTOS = YES_AGGRESSIVE;
				GCC_WARN_UNUSED_FUNCTION = YES;
				GCC_WARN_UNUSED_VARIABLE = YES;
				IPHONEOS_DEPLOYMENT_TARGET = 17.0;
				LOCALIZATION_PREFERS_STRING_CATALOGS = YES;
				MTL_ENABLE_DEBUG_INFO = INCLUDE_SOURCE;
				MTL_FAST_MATH = YES;
				ONLY_ACTIVE_ARCH = YES;
				SDKROOT = iphoneos;
				SWIFT_ACTIVE_COMPILATION_CONDITIONS = "DEBUG $(inherited)";
				SWIFT_OPTIMIZATION_LEVEL = "-Onone";
			};
			name = Debug;
		};
		63DA0B282BA5C6F200CFBCB6 /* Release */ = {
			isa = XCBuildConfiguration;
			buildSettings = {
				ALWAYS_SEARCH_USER_PATHS = NO;
				ASSETCATALOG_COMPILER_GENERATE_SWIFT_ASSET_SYMBOL_EXTENSIONS = YES;
				CLANG_ANALYZER_NONNULL = YES;
				CLANG_ANALYZER_NUMBER_OBJECT_CONVERSION = YES_AGGRESSIVE;
				CLANG_CXX_LANGUAGE_STANDARD = "gnu++20";
				CLANG_ENABLE_MODULES = YES;
				CLANG_ENABLE_OBJC_ARC = YES;
				CLANG_ENABLE_OBJC_WEAK = YES;
				CLANG_WARN_BLOCK_CAPTURE_AUTORELEASING = YES;
				CLANG_WARN_BOOL_CONVERSION = YES;
				CLANG_WARN_COMMA = YES;
				CLANG_WARN_CONSTANT_CONVERSION = YES;
				CLANG_WARN_DEPRECATED_OBJC_IMPLEMENTATIONS = YES;
				CLANG_WARN_DIRECT_OBJC_ISA_USAGE = YES_ERROR;
				CLANG_WARN_DOCUMENTATION_COMMENTS = YES;
				CLANG_WARN_EMPTY_BODY = YES;
				CLANG_WARN_ENUM_CONVERSION = YES;
				CLANG_WARN_INFINITE_RECURSION = YES;
				CLANG_WARN_INT_CONVERSION = YES;
				CLANG_WARN_NON_LITERAL_NULL_CONVERSION = YES;
				CLANG_WARN_OBJC_IMPLICIT_RETAIN_SELF = YES;
				CLANG_WARN_OBJC_LITERAL_CONVERSION = YES;
				CLANG_WARN_OBJC_ROOT_CLASS = YES_ERROR;
				CLANG_WARN_QUOTED_INCLUDE_IN_FRAMEWORK_HEADER = YES;
				CLANG_WARN_RANGE_LOOP_ANALYSIS = YES;
				CLANG_WARN_STRICT_PROTOTYPES = YES;
				CLANG_WARN_SUSPICIOUS_MOVE = YES;
				CLANG_WARN_UNGUARDED_AVAILABILITY = YES_AGGRESSIVE;
				CLANG_WARN_UNREACHABLE_CODE = YES;
				CLANG_WARN__DUPLICATE_METHOD_MATCH = YES;
				COPY_PHASE_STRIP = NO;
				DEBUG_INFORMATION_FORMAT = "dwarf-with-dsym";
				ENABLE_NS_ASSERTIONS = NO;
				ENABLE_STRICT_OBJC_MSGSEND = YES;
				ENABLE_USER_SCRIPT_SANDBOXING = YES;
				GCC_C_LANGUAGE_STANDARD = gnu17;
				GCC_NO_COMMON_BLOCKS = YES;
				GCC_WARN_64_TO_32_BIT_CONVERSION = YES;
				GCC_WARN_ABOUT_RETURN_TYPE = YES_ERROR;
				GCC_WARN_UNDECLARED_SELECTOR = YES;
				GCC_WARN_UNINITIALIZED_AUTOS = YES_AGGRESSIVE;
				GCC_WARN_UNUSED_FUNCTION = YES;
				GCC_WARN_UNUSED_VARIABLE = YES;
				IPHONEOS_DEPLOYMENT_TARGET = 17.0;
				LOCALIZATION_PREFERS_STRING_CATALOGS = YES;
				MTL_ENABLE_DEBUG_INFO = NO;
				MTL_FAST_MATH = YES;
				SDKROOT = iphoneos;
				SWIFT_COMPILATION_MODE = wholemodule;
				VALIDATE_PRODUCT = YES;
			};
			name = Release;
		};
		63DA0B2A2BA5C6F200CFBCB6 /* Debug */ = {
			isa = XCBuildConfiguration;
			buildSettings = {
				ASSETCATALOG_COMPILER_APPICON_NAME = AppIcon;
				ASSETCATALOG_COMPILER_GLOBAL_ACCENT_COLOR_NAME = AccentColor;
				CODE_SIGN_STYLE = Automatic;
				CURRENT_PROJECT_VERSION = 1;
				DEVELOPMENT_ASSET_PATHS = "\"EffectiveMobileTest/Preview Content\"";
				DEVELOPMENT_TEAM = 944K4M9L9M;
				ENABLE_PREVIEWS = YES;
				GENERATE_INFOPLIST_FILE = YES;
				INFOPLIST_KEY_UIApplicationSceneManifest_Generation = YES;
				INFOPLIST_KEY_UIApplicationSupportsIndirectInputEvents = YES;
				INFOPLIST_KEY_UILaunchScreen_Generation = YES;
				INFOPLIST_KEY_UISupportedInterfaceOrientations_iPad = "UIInterfaceOrientationPortrait UIInterfaceOrientationPortraitUpsideDown UIInterfaceOrientationLandscapeLeft UIInterfaceOrientationLandscapeRight";
				INFOPLIST_KEY_UISupportedInterfaceOrientations_iPhone = "UIInterfaceOrientationPortrait UIInterfaceOrientationLandscapeLeft UIInterfaceOrientationLandscapeRight";
				LD_RUNPATH_SEARCH_PATHS = (
					"$(inherited)",
					"@executable_path/Frameworks",
				);
				MARKETING_VERSION = 1.0;
				PRODUCT_BUNDLE_IDENTIFIER = kpfu.EffectiveMobileTest;
				PRODUCT_NAME = "$(TARGET_NAME)";
				SWIFT_EMIT_LOC_STRINGS = YES;
				SWIFT_VERSION = 5.0;
				TARGETED_DEVICE_FAMILY = "1,2";
			};
			name = Debug;
		};
		63DA0B2B2BA5C6F200CFBCB6 /* Release */ = {
			isa = XCBuildConfiguration;
			buildSettings = {
				ASSETCATALOG_COMPILER_APPICON_NAME = AppIcon;
				ASSETCATALOG_COMPILER_GLOBAL_ACCENT_COLOR_NAME = AccentColor;
				CODE_SIGN_STYLE = Automatic;
				CURRENT_PROJECT_VERSION = 1;
				DEVELOPMENT_ASSET_PATHS = "\"EffectiveMobileTest/Preview Content\"";
				DEVELOPMENT_TEAM = 944K4M9L9M;
				ENABLE_PREVIEWS = YES;
				GENERATE_INFOPLIST_FILE = YES;
				INFOPLIST_KEY_UIApplicationSceneManifest_Generation = YES;
				INFOPLIST_KEY_UIApplicationSupportsIndirectInputEvents = YES;
				INFOPLIST_KEY_UILaunchScreen_Generation = YES;
				INFOPLIST_KEY_UISupportedInterfaceOrientations_iPad = "UIInterfaceOrientationPortrait UIInterfaceOrientationPortraitUpsideDown UIInterfaceOrientationLandscapeLeft UIInterfaceOrientationLandscapeRight";
				INFOPLIST_KEY_UISupportedInterfaceOrientations_iPhone = "UIInterfaceOrientationPortrait UIInterfaceOrientationLandscapeLeft UIInterfaceOrientationLandscapeRight";
				LD_RUNPATH_SEARCH_PATHS = (
					"$(inherited)",
					"@executable_path/Frameworks",
				);
				MARKETING_VERSION = 1.0;
				PRODUCT_BUNDLE_IDENTIFIER = kpfu.EffectiveMobileTest;
				PRODUCT_NAME = "$(TARGET_NAME)";
				SWIFT_EMIT_LOC_STRINGS = YES;
				SWIFT_VERSION = 5.0;
				TARGETED_DEVICE_FAMILY = "1,2";
			};
			name = Release;
		};
/* End XCBuildConfiguration section */

/* Begin XCConfigurationList section */
		63DA0B162BA5C6F000CFBCB6 /* Build configuration list for PBXProject "EffectiveMobileTest" */ = {
			isa = XCConfigurationList;
			buildConfigurations = (
				63DA0B272BA5C6F200CFBCB6 /* Debug */,
				63DA0B282BA5C6F200CFBCB6 /* Release */,
			);
			defaultConfigurationIsVisible = 0;
			defaultConfigurationName = Release;
		};
		63DA0B292BA5C6F200CFBCB6 /* Build configuration list for PBXNativeTarget "EffectiveMobileTest" */ = {
			isa = XCConfigurationList;
			buildConfigurations = (
				63DA0B2A2BA5C6F200CFBCB6 /* Debug */,
				63DA0B2B2BA5C6F200CFBCB6 /* Release */,
			);
			defaultConfigurationIsVisible = 0;
			defaultConfigurationName = Release;
		};
/* End XCConfigurationList section */
	};
	rootObject = 63DA0B132BA5C6F000CFBCB6 /* Project object */;
}
